
Microsoft Visual Studio Solution File, Format Version 12.00
# Visual Studio Version 17
VisualStudioVersion = 17.9.34728.123
MinimumVisualStudioVersion = 10.0.40219.1
Project("{9A19103F-16F7-4668-BE54-9A1E7A4F7556}") = "API", "API\API.csproj", "{7C8AC26E-30B4-4518-81FF-182365721BD6}"
EndProject
Project("{9A19103F-16F7-4668-BE54-9A1E7A4F7556}") = "Settings", "Settings\Settings.csproj", "{12BFB3B2-9DC8-42C3-B739-6BCD8316ABA8}"
EndProject
Project("{9A19103F-16F7-4668-BE54-9A1E7A4F7556}") = "Services", "Services\Services.csproj", "{18C4B141-BDFD-4AE7-A46F-8843AB69E0CE}"
EndProject
Project("{9A19103F-16F7-4668-BE54-9A1E7A4F7556}") = "Models", "Models\Models.csproj", "{2B7CD89F-3BCF-42E7-A38C-2CAA7217853F}"
EndProject
Global
	GlobalSection(SolutionConfigurationPlatforms) = preSolution
		Debug|Any CPU = Debug|Any CPU
		Release|Any CPU = Release|Any CPU
	EndGlobalSection
	GlobalSection(ProjectConfigurationPlatforms) = postSolution
		{7C8AC26E-30B4-4518-81FF-182365721BD6}.Debug|Any CPU.ActiveCfg = Debug|Any CPU
		{7C8AC26E-30B4-4518-81FF-182365721BD6}.Debug|Any CPU.Build.0 = Debug|Any CPU
		{7C8AC26E-30B4-4518-81FF-182365721BD6}.Release|Any CPU.ActiveCfg = Release|Any CPU
		{7C8AC26E-30B4-4518-81FF-182365721BD6}.Release|Any CPU.Build.0 = Release|Any CPU
		{12BFB3B2-9DC8-42C3-B739-6BCD8316ABA8}.Debug|Any CPU.ActiveCfg = Debug|Any CPU
		{12BFB3B2-9DC8-42C3-B739-6BCD8316ABA8}.Debug|Any CPU.Build.0 = Debug|Any CPU
		{12BFB3B2-9DC8-42C3-B739-6BCD8316ABA8}.Release|Any CPU.ActiveCfg = Release|Any CPU
		{12BFB3B2-9DC8-42C3-B739-6BCD8316ABA8}.Release|Any CPU.Build.0 = Release|Any CPU
		{18C4B141-BDFD-4AE7-A46F-8843AB69E0CE}.Debug|Any CPU.ActiveCfg = Debug|Any CPU
		{18C4B141-BDFD-4AE7-A46F-8843AB69E0CE}.Debug|Any CPU.Build.0 = Debug|Any CPU
		{18C4B141-BDFD-4AE7-A46F-8843AB69E0CE}.Release|Any CPU.ActiveCfg = Release|Any CPU
		{18C4B141-BDFD-4AE7-A46F-8843AB69E0CE}.Release|Any CPU.Build.0 = Release|Any CPU
		{2B7CD89F-3BCF-42E7-A38C-2CAA7217853F}.Debug|Any CPU.ActiveCfg = Debug|Any CPU
		{2B7CD89F-3BCF-42E7-A38C-2CAA7217853F}.Debug|Any CPU.Build.0 = Debug|Any CPU
		{2B7CD89F-3BCF-42E7-A38C-2CAA7217853F}.Release|Any CPU.ActiveCfg = Release|Any CPU
		{2B7CD89F-3BCF-42E7-A38C-2CAA7217853F}.Release|Any CPU.Build.0 = Release|Any CPU
	EndGlobalSection
	GlobalSection(SolutionProperties) = preSolution
		HideSolutionNode = FALSE
	EndGlobalSection
	GlobalSection(ExtensibilityGlobals) = postSolution
		SolutionGuid = {1BB4D46C-DD66-4AF5-9879-DB0E1AA97CEF}
	EndGlobalSection
EndGlobal
